// !$*UTF8*$!
{
	archiveVersion = 1;
	classes = {
	};
	objectVersion = 56;
	objects = {

/* Begin PBXBuildFile section */
		22919CCD296E125C007D95D8 /* AppDelegate.swift in Sources */ = {isa = PBXBuildFile; fileRef = 22919CCC296E125C007D95D8 /* AppDelegate.swift */; };
		22919CCF296E125C007D95D8 /* SceneDelegate.swift in Sources */ = {isa = PBXBuildFile; fileRef = 22919CCE296E125C007D95D8 /* SceneDelegate.swift */; };
		22919CD1296E125C007D95D8 /* ViewController.swift in Sources */ = {isa = PBXBuildFile; fileRef = 22919CD0296E125C007D95D8 /* ViewController.swift */; };
		22919CD4296E125C007D95D8 /* Main.storyboard in Resources */ = {isa = PBXBuildFile; fileRef = 22919CD2296E125C007D95D8 /* Main.storyboard */; };
		22919CD6296E125D007D95D8 /* Assets.xcassets in Resources */ = {isa = PBXBuildFile; fileRef = 22919CD5296E125D007D95D8 /* Assets.xcassets */; };
		22919CD9296E125D007D95D8 /* LaunchScreen.storyboard in Resources */ = {isa = PBXBuildFile; fileRef = 22919CD7296E125D007D95D8 /* LaunchScreen.storyboard */; };
		22919CE4296E125D007D95D8 /* ApplePie2Tests.swift in Sources */ = {isa = PBXBuildFile; fileRef = 22919CE3296E125D007D95D8 /* ApplePie2Tests.swift */; };
		22919CEE296E125D007D95D8 /* ApplePie2UITests.swift in Sources */ = {isa = PBXBuildFile; fileRef = 22919CED296E125D007D95D8 /* ApplePie2UITests.swift */; };
		22919CF0296E125D007D95D8 /* ApplePie2UITestsLaunchTests.swift in Sources */ = {isa = PBXBuildFile; fileRef = 22919CEF296E125D007D95D8 /* ApplePie2UITestsLaunchTests.swift */; };
		22919CFD296F3FEF007D95D8 /* Round.swift in Sources */ = {isa = PBXBuildFile; fileRef = 22919CFC296F3FEF007D95D8 /* Round.swift */; };
/* End PBXBuildFile section */

/* Begin PBXContainerItemProxy section */
		22919CE0296E125D007D95D8 /* PBXContainerItemProxy */ = {
			isa = PBXContainerItemProxy;
			containerPortal = 22919CC1296E125C007D95D8 /* Project object */;
			proxyType = 1;
			remoteGlobalIDString = 22919CC8296E125C007D95D8;
			remoteInfo = ApplePie2;
		};
		22919CEA296E125D007D95D8 /* PBXContainerItemProxy */ = {
			isa = PBXContainerItemProxy;
			containerPortal = 22919CC1296E125C007D95D8 /* Project object */;
			proxyType = 1;
			remoteGlobalIDString = 22919CC8296E125C007D95D8;
			remoteInfo = ApplePie2;
		};
/* End PBXContainerItemProxy section */

/* Begin PBXFileReference section */
		22919CC9296E125C007D95D8 /* ApplePie2.app */ = {isa = PBXFileReference; explicitFileType = wrapper.application; includeInIndex = 0; path = ApplePie2.app; sourceTree = BUILT_PRODUCTS_DIR; };
		22919CCC296E125C007D95D8 /* AppDelegate.swift */ = {isa = PBXFileReference; lastKnownFileType = sourcecode.swift; path = AppDelegate.swift; sourceTree = "<group>"; };
		22919CCE296E125C007D95D8 /* SceneDelegate.swift */ = {isa = PBXFileReference; lastKnownFileType = sourcecode.swift; path = SceneDelegate.swift; sourceTree = "<group>"; };
		22919CD0296E125C007D95D8 /* ViewController.swift */ = {isa = PBXFileReference; lastKnownFileType = sourcecode.swift; path = ViewController.swift; sourceTree = "<group>"; };
		22919CD3296E125C007D95D8 /* Base */ = {isa = PBXFileReference; lastKnownFileType = file.storyboard; name = Base; path = Base.lproj/Main.storyboard; sourceTree = "<group>"; };
		22919CD5296E125D007D95D8 /* Assets.xcassets */ = {isa = PBXFileReference; lastKnownFileType = folder.assetcatalog; path = Assets.xcassets; sourceTree = "<group>"; };
		22919CD8296E125D007D95D8 /* Base */ = {isa = PBXFileReference; lastKnownFileType = file.storyboard; name = Base; path = Base.lproj/LaunchScreen.storyboard; sourceTree = "<group>"; };
		22919CDA296E125D007D95D8 /* Info.plist */ = {isa = PBXFileReference; lastKnownFileType = text.plist.xml; path = Info.plist; sourceTree = "<group>"; };
		22919CDF296E125D007D95D8 /* ApplePie2Tests.xctest */ = {isa = PBXFileReference; explicitFileType = wrapper.cfbundle; includeInIndex = 0; path = ApplePie2Tests.xctest; sourceTree = BUILT_PRODUCTS_DIR; };
		22919CE3296E125D007D95D8 /* ApplePie2Tests.swift */ = {isa = PBXFileReference; lastKnownFileType = sourcecode.swift; path = ApplePie2Tests.swift; sourceTree = "<group>"; };
		22919CE9296E125D007D95D8 /* ApplePie2UITests.xctest */ = {isa = PBXFileReference; explicitFileType = wrapper.cfbundle; includeInIndex = 0; path = ApplePie2UITests.xctest; sourceTree = BUILT_PRODUCTS_DIR; };
		22919CED296E125D007D95D8 /* ApplePie2UITests.swift */ = {isa = PBXFileReference; lastKnownFileType = sourcecode.swift; path = ApplePie2UITests.swift; sourceTree = "<group>"; };
		22919CEF296E125D007D95D8 /* ApplePie2UITestsLaunchTests.swift */ = {isa = PBXFileReference; lastKnownFileType = sourcecode.swift; path = ApplePie2UITestsLaunchTests.swift; sourceTree = "<group>"; };
		22919CFC296F3FEF007D95D8 /* Round.swift */ = {isa = PBXFileReference; lastKnownFileType = sourcecode.swift; path = Round.swift; sourceTree = "<group>"; };
/* End PBXFileReference section */

/* Begin PBXFrameworksBuildPhase section */
		22919CC6296E125C007D95D8 /* Frameworks */ = {
			isa = PBXFrameworksBuildPhase;
			buildActionMask = 2147483647;
			files = (
			);
			runOnlyForDeploymentPostprocessing = 0;
		};
		22919CDC296E125D007D95D8 /* Frameworks */ = {
			isa = PBXFrameworksBuildPhase;
			buildActionMask = 2147483647;
			files = (
			);
			runOnlyForDeploymentPostprocessing = 0;
		};
		22919CE6296E125D007D95D8 /* Frameworks */ = {
			isa = PBXFrameworksBuildPhase;
			buildActionMask = 2147483647;
			files = (
			);
			runOnlyForDeploymentPostprocessing = 0;
		};
/* End PBXFrameworksBuildPhase section */

/* Begin PBXGroup section */
		22919CC0296E125C007D95D8 = {
			isa = PBXGroup;
			children = (
				22919CFC296F3FEF007D95D8 /* Round.swift */,
				22919CCB296E125C007D95D8 /* ApplePie2 */,
				22919CE2296E125D007D95D8 /* ApplePie2Tests */,
				22919CEC296E125D007D95D8 /* ApplePie2UITests */,
				22919CCA296E125C007D95D8 /* Products */,
			);
			sourceTree = "<group>";
		};
		22919CCA296E125C007D95D8 /* Products */ = {
			isa = PBXGroup;
			children = (
				22919CC9296E125C007D95D8 /* ApplePie2.app */,
				22919CDF296E125D007D95D8 /* ApplePie2Tests.xctest */,
				22919CE9296E125D007D95D8 /* ApplePie2UITests.xctest */,
			);
			name = Products;
			sourceTree = "<group>";
		};
		22919CCB296E125C007D95D8 /* ApplePie2 */ = {
			isa = PBXGroup;
			children = (
				22919CCC296E125C007D95D8 /* AppDelegate.swift */,
				22919CCE296E125C007D95D8 /* SceneDelegate.swift */,
				22919CD0296E125C007D95D8 /* ViewController.swift */,
				22919CD2296E125C007D95D8 /* Main.storyboard */,
				22919CD5296E125D007D95D8 /* Assets.xcassets */,
				22919CD7296E125D007D95D8 /* LaunchScreen.storyboard */,
				22919CDA296E125D007D95D8 /* Info.plist */,
			);
			path = ApplePie2;
			sourceTree = "<group>";
		};
		22919CE2296E125D007D95D8 /* ApplePie2Tests */ = {
			isa = PBXGroup;
			children = (
				22919CE3296E125D007D95D8 /* ApplePie2Tests.swift */,
			);
			path = ApplePie2Tests;
			sourceTree = "<group>";
		};
		22919CEC296E125D007D95D8 /* ApplePie2UITests */ = {
			isa = PBXGroup;
			children = (
				22919CED296E125D007D95D8 /* ApplePie2UITests.swift */,
				22919CEF296E125D007D95D8 /* ApplePie2UITestsLaunchTests.swift */,
			);
			path = ApplePie2UITests;
			sourceTree = "<group>";
		};
/* End PBXGroup section */

/* Begin PBXNativeTarget section */
		22919CC8296E125C007D95D8 /* ApplePie2 */ = {
			isa = PBXNativeTarget;
			buildConfigurationList = 22919CF3296E125D007D95D8 /* Build configuration list for PBXNativeTarget "ApplePie2" */;
			buildPhases = (
				22919CC5296E125C007D95D8 /* Sources */,
				22919CC6296E125C007D95D8 /* Frameworks */,
				22919CC7296E125C007D95D8 /* Resources */,
			);
			buildRules = (
			);
			dependencies = (
			);
			name = ApplePie2;
			productName = ApplePie2;
			productReference = 22919CC9296E125C007D95D8 /* ApplePie2.app */;
			productType = "com.apple.product-type.application";
		};
		22919CDE296E125D007D95D8 /* ApplePie2Tests */ = {
			isa = PBXNativeTarget;
			buildConfigurationList = 22919CF6296E125D007D95D8 /* Build configuration list for PBXNativeTarget "ApplePie2Tests" */;
			buildPhases = (
				22919CDB296E125D007D95D8 /* Sources */,
				22919CDC296E125D007D95D8 /* Frameworks */,
				22919CDD296E125D007D95D8 /* Resources */,
			);
			buildRules = (
			);
			dependencies = (
				22919CE1296E125D007D95D8 /* PBXTargetDependency */,
			);
			name = ApplePie2Tests;
			productName = ApplePie2Tests;
			productReference = 22919CDF296E125D007D95D8 /* ApplePie2Tests.xctest */;
			productType = "com.apple.product-type.bundle.unit-test";
		};
		22919CE8296E125D007D95D8 /* ApplePie2UITests */ = {
			isa = PBXNativeTarget;
			buildConfigurationList = 22919CF9296E125D007D95D8 /* Build configuration list for PBXNativeTarget "ApplePie2UITests" */;
			buildPhases = (
				22919CE5296E125D007D95D8 /* Sources */,
				22919CE6296E125D007D95D8 /* Frameworks */,
				22919CE7296E125D007D95D8 /* Resources */,
			);
			buildRules = (
			);
			dependencies = (
				22919CEB296E125D007D95D8 /* PBXTargetDependency */,
			);
			name = ApplePie2UITests;
			productName = ApplePie2UITests;
			productReference = 22919CE9296E125D007D95D8 /* ApplePie2UITests.xctest */;
			productType = "com.apple.product-type.bundle.ui-testing";
		};
/* End PBXNativeTarget section */

/* Begin PBXProject section */
		22919CC1296E125C007D95D8 /* Project object */ = {
			isa = PBXProject;
			attributes = {
				BuildIndependentTargetsInParallel = 1;
				LastSwiftUpdateCheck = 1420;
				LastUpgradeCheck = 1420;
				TargetAttributes = {
					22919CC8296E125C007D95D8 = {
						CreatedOnToolsVersion = 14.2;
					};
					22919CDE296E125D007D95D8 = {
						CreatedOnToolsVersion = 14.2;
						TestTargetID = 22919CC8296E125C007D95D8;
					};
					22919CE8296E125D007D95D8 = {
						CreatedOnToolsVersion = 14.2;
						TestTargetID = 22919CC8296E125C007D95D8;
					};
				};
			};
			buildConfigurationList = 22919CC4296E125C007D95D8 /* Build configuration list for PBXProject "ApplePie2" */;
			compatibilityVersion = "Xcode 14.0";
			developmentRegion = en;
			hasScannedForEncodings = 0;
			knownRegions = (
				en,
				Base,
			);
			mainGroup = 22919CC0296E125C007D95D8;
			productRefGroup = 22919CCA296E125C007D95D8 /* Products */;
			projectDirPath = "";
			projectRoot = "";
			targets = (
				22919CC8296E125C007D95D8 /* ApplePie2 */,
				22919CDE296E125D007D95D8 /* ApplePie2Tests */,
				22919CE8296E125D007D95D8 /* ApplePie2UITests */,
			);
		};
/* End PBXProject section */

/* Begin PBXResourcesBuildPhase section */
		22919CC7296E125C007D95D8 /* Resources */ = {
			isa = PBXResourcesBuildPhase;
			buildActionMask = 2147483647;
			files = (
				22919CD9296E125D007D95D8 /* LaunchScreen.storyboard in Resources */,
				22919CD6296E125D007D95D8 /* Assets.xcassets in Resources */,
				22919CD4296E125C007D95D8 /* Main.storyboard in Resources */,
			);
			runOnlyForDeploymentPostprocessing = 0;
		};
		22919CDD296E125D007D95D8 /* Resources */ = {
			isa = PBXResourcesBuildPhase;
			buildActionMask = 2147483647;
			files = (
			);
			runOnlyForDeploymentPostprocessing = 0;
		};
		22919CE7296E125D007D95D8 /* Resources */ = {
			isa = PBXResourcesBuildPhase;
			buildActionMask = 2147483647;
			files = (
			);
			runOnlyForDeploymentPostprocessing = 0;
		};
/* End PBXResourcesBuildPhase section */

/* Begin PBXSourcesBuildPhase section */
		22919CC5296E125C007D95D8 /* Sources */ = {
			isa = PBXSourcesBuildPhase;
			buildActionMask = 2147483647;
			files = (
				22919CD1296E125C007D95D8 /* ViewController.swift in Sources */,
				22919CCD296E125C007D95D8 /* AppDelegate.swift in Sources */,
				22919CCF296E125C007D95D8 /* SceneDelegate.swift in Sources */,
				22919CFD296F3FEF007D95D8 /* Round.swift in Sources */,
			);
			runOnlyForDeploymentPostprocessing = 0;
		};
		22919CDB296E125D007D95D8 /* Sources */ = {
			isa = PBXSourcesBuildPhase;
			buildActionMask = 2147483647;
			files = (
				22919CE4296E125D007D95D8 /* ApplePie2Tests.swift in Sources */,
			);
			runOnlyForDeploymentPostprocessing = 0;
		};
		22919CE5296E125D007D95D8 /* Sources */ = {
			isa = PBXSourcesBuildPhase;
			buildActionMask = 2147483647;
			files = (
				22919CEE296E125D007D95D8 /* ApplePie2UITests.swift in Sources */,
				22919CF0296E125D007D95D8 /* ApplePie2UITestsLaunchTests.swift in Sources */,
			);
			runOnlyForDeploymentPostprocessing = 0;
		};
/* End PBXSourcesBuildPhase section */

/* Begin PBXTargetDependency section */
		22919CE1296E125D007D95D8 /* PBXTargetDependency */ = {
			isa = PBXTargetDependency;
			target = 22919CC8296E125C007D95D8 /* ApplePie2 */;
			targetProxy = 22919CE0296E125D007D95D8 /* PBXContainerItemProxy */;
		};
		22919CEB296E125D007D95D8 /* PBXTargetDependency */ = {
			isa = PBXTargetDependency;
			target = 22919CC8296E125C007D95D8 /* ApplePie2 */;
			targetProxy = 22919CEA296E125D007D95D8 /* PBXContainerItemProxy */;
		};
/* End PBXTargetDependency section */

/* Begin PBXVariantGroup section */
		22919CD2296E125C007D95D8 /* Main.storyboard */ = {
			isa = PBXVariantGroup;
			children = (
				22919CD3296E125C007D95D8 /* Base */,
			);
			name = Main.storyboard;
			sourceTree = "<group>";
		};
		22919CD7296E125D007D95D8 /* LaunchScreen.storyboard */ = {
			isa = PBXVariantGroup;
			children = (
				22919CD8296E125D007D95D8 /* Base */,
			);
			name = LaunchScreen.storyboard;
			sourceTree = "<group>";
		};
/* End PBXVariantGroup section */

/* Begin XCBuildConfiguration section */
		22919CF1296E125D007D95D8 /* Debug */ = {
			isa = XCBuildConfiguration;
			buildSettings = {
				ALWAYS_SEARCH_USER_PATHS = NO;
				CLANG_ANALYZER_NONNULL = YES;
				CLANG_ANALYZER_NUMBER_OBJECT_CONVERSION = YES_AGGRESSIVE;
				CLANG_CXX_LANGUAGE_STANDARD = "gnu++20";
				CLANG_ENABLE_MODULES = YES;
				CLANG_ENABLE_OBJC_ARC = YES;
				CLANG_ENABLE_OBJC_WEAK = YES;
				CLANG_WARN_BLOCK_CAPTURE_AUTORELEASING = YES;
				CLANG_WARN_BOOL_CONVERSION = YES;
				CLANG_WARN_COMMA = YES;
				CLANG_WARN_CONSTANT_CONVERSION = YES;
				CLANG_WARN_DEPRECATED_OBJC_IMPLEMENTATIONS = YES;
				CLANG_WARN_DIRECT_OBJC_ISA_USAGE = YES_ERROR;
				CLANG_WARN_DOCUMENTATION_COMMENTS = YES;
				CLANG_WARN_EMPTY_BODY = YES;
				CLANG_WARN_ENUM_CONVERSION = YES;
				CLANG_WARN_INFINITE_RECURSION = YES;
				CLANG_WARN_INT_CONVERSION = YES;
				CLANG_WARN_NON_LITERAL_NULL_CONVERSION = YES;
				CLANG_WARN_OBJC_IMPLICIT_RETAIN_SELF = YES;
				CLANG_WARN_OBJC_LITERAL_CONVERSION = YES;
				CLANG_WARN_OBJC_ROOT_CLASS = YES_ERROR;
				CLANG_WARN_QUOTED_INCLUDE_IN_FRAMEWORK_HEADER = YES;
				CLANG_WARN_RANGE_LOOP_ANALYSIS = YES;
				CLANG_WARN_STRICT_PROTOTYPES = YES;
				CLANG_WARN_SUSPICIOUS_MOVE = YES;
				CLANG_WARN_UNGUARDED_AVAILABILITY = YES_AGGRESSIVE;
				CLANG_WARN_UNREACHABLE_CODE = YES;
				CLANG_WARN__DUPLICATE_METHOD_MATCH = YES;
				COPY_PHASE_STRIP = NO;
				DEBUG_INFORMATION_FORMAT = dwarf;
				ENABLE_STRICT_OBJC_MSGSEND = YES;
				ENABLE_TESTABILITY = YES;
				GCC_C_LANGUAGE_STANDARD = gnu11;
				GCC_DYNAMIC_NO_PIC = NO;
				GCC_NO_COMMON_BLOCKS = YES;
				GCC_OPTIMIZATION_LEVEL = 0;
				GCC_PREPROCESSOR_DEFINITIONS = (
					"DEBUG=1",
					"$(inherited)",
				);
				GCC_WARN_64_TO_32_BIT_CONVERSION = YES;
				GCC_WARN_ABOUT_RETURN_TYPE = YES_ERROR;
				GCC_WARN_UNDECLARED_SELECTOR = YES;
				GCC_WARN_UNINITIALIZED_AUTOS = YES_AGGRESSIVE;
				GCC_WARN_UNUSED_FUNCTION = YES;
				GCC_WARN_UNUSED_VARIABLE = YES;
				IPHONEOS_DEPLOYMENT_TARGET = 16.2;
				MTL_ENABLE_DEBUG_INFO = INCLUDE_SOURCE;
				MTL_FAST_MATH = YES;
				ONLY_ACTIVE_ARCH = YES;
				SDKROOT = iphoneos;
				SWIFT_ACTIVE_COMPILATION_CONDITIONS = DEBUG;
				SWIFT_OPTIMIZATION_LEVEL = "-Onone";
			};
			name = Debug;
		};
		22919CF2296E125D007D95D8 /* Release */ = {
			isa = XCBuildConfiguration;
			buildSettings = {
				ALWAYS_SEARCH_USER_PATHS = NO;
				CLANG_ANALYZER_NONNULL = YES;
				CLANG_ANALYZER_NUMBER_OBJECT_CONVERSION = YES_AGGRESSIVE;
				CLANG_CXX_LANGUAGE_STANDARD = "gnu++20";
				CLANG_ENABLE_MODULES = YES;
				CLANG_ENABLE_OBJC_ARC = YES;
				CLANG_ENABLE_OBJC_WEAK = YES;
				CLANG_WARN_BLOCK_CAPTURE_AUTORELEASING = YES;
				CLANG_WARN_BOOL_CONVERSION = YES;
				CLANG_WARN_COMMA = YES;
				CLANG_WARN_CONSTANT_CONVERSION = YES;
				CLANG_WARN_DEPRECATED_OBJC_IMPLEMENTATIONS = YES;
				CLANG_WARN_DIRECT_OBJC_ISA_USAGE = YES_ERROR;
				CLANG_WARN_DOCUMENTATION_COMMENTS = YES;
				CLANG_WARN_EMPTY_BODY = YES;
				CLANG_WARN_ENUM_CONVERSION = YES;
				CLANG_WARN_INFINITE_RECURSION = YES;
				CLANG_WARN_INT_CONVERSION = YES;
				CLANG_WARN_NON_LITERAL_NULL_CONVERSION = YES;
				CLANG_WARN_OBJC_IMPLICIT_RETAIN_SELF = YES;
				CLANG_WARN_OBJC_LITERAL_CONVERSION = YES;
				CLANG_WARN_OBJC_ROOT_CLASS = YES_ERROR;
				CLANG_WARN_QUOTED_INCLUDE_IN_FRAMEWORK_HEADER = YES;
				CLANG_WARN_RANGE_LOOP_ANALYSIS = YES;
				CLANG_WARN_STRICT_PROTOTYPES = YES;
				CLANG_WARN_SUSPICIOUS_MOVE = YES;
				CLANG_WARN_UNGUARDED_AVAILABILITY = YES_AGGRESSIVE;
				CLANG_WARN_UNREACHABLE_CODE = YES;
				CLANG_WARN__DUPLICATE_METHOD_MATCH = YES;
				COPY_PHASE_STRIP = NO;
				DEBUG_INFORMATION_FORMAT = "dwarf-with-dsym";
				ENABLE_NS_ASSERTIONS = NO;
				ENABLE_STRICT_OBJC_MSGSEND = YES;
				GCC_C_LANGUAGE_STANDARD = gnu11;
				GCC_NO_COMMON_BLOCKS = YES;
				GCC_WARN_64_TO_32_BIT_CONVERSION = YES;
				GCC_WARN_ABOUT_RETURN_TYPE = YES_ERROR;
				GCC_WARN_UNDECLARED_SELECTOR = YES;
				GCC_WARN_UNINITIALIZED_AUTOS = YES_AGGRESSIVE;
				GCC_WARN_UNUSED_FUNCTION = YES;
				GCC_WARN_UNUSED_VARIABLE = YES;
				IPHONEOS_DEPLOYMENT_TARGET = 16.2;
				MTL_ENABLE_DEBUG_INFO = NO;
				MTL_FAST_MATH = YES;
				SDKROOT = iphoneos;
				SWIFT_COMPILATION_MODE = wholemodule;
				SWIFT_OPTIMIZATION_LEVEL = "-O";
				VALIDATE_PRODUCT = YES;
			};
			name = Release;
		};
		22919CF4296E125D007D95D8 /* Debug */ = {
			isa = XCBuildConfiguration;
			buildSettings = {
				ASSETCATALOG_COMPILER_APPICON_NAME = AppIcon;
				ASSETCATALOG_COMPILER_GLOBAL_ACCENT_COLOR_NAME = AccentColor;
				CODE_SIGN_STYLE = Automatic;
				CURRENT_PROJECT_VERSION = 1;
				GENERATE_INFOPLIST_FILE = YES;
				INFOPLIST_FILE = ApplePie2/Info.plist;
				INFOPLIST_KEY_UIApplicationSupportsIndirectInputEvents = YES;
				INFOPLIST_KEY_UILaunchStoryboardName = LaunchScreen;
				INFOPLIST_KEY_UIMainStoryboardFile = Main;
				INFOPLIST_KEY_UISupportedInterfaceOrientations_iPad = "UIInterfaceOrientationPortrait UIInterfaceOrientationPortraitUpsideDown UIInterfaceOrientationLandscapeLeft UIInterfaceOrientationLandscapeRight";
				INFOPLIST_KEY_UISupportedInterfaceOrientations_iPhone = "UIInterfaceOrientationPortrait UIInterfaceOrientationLandscapeLeft UIInterfaceOrientationLandscapeRight";
				LD_RUNPATH_SEARCH_PATHS = (
					"$(inherited)",
					"@executable_path/Frameworks",
				);
				MARKETING_VERSION = 1.0;
				PRODUCT_BUNDLE_IDENTIFIER = ige.ApplePie2;
				PRODUCT_NAME = "$(TARGET_NAME)";
				SWIFT_EMIT_LOC_STRINGS = YES;
				SWIFT_VERSION = 5.0;
				TARGETED_DEVICE_FAMILY = "1,2";
			};
			name = Debug;
		};
		22919CF5296E125D007D95D8 /* Release */ = {
			isa = XCBuildConfiguration;
			buildSettings = {
				ASSETCATALOG_COMPILER_APPICON_NAME = AppIcon;
				ASSETCATALOG_COMPILER_GLOBAL_ACCENT_COLOR_NAME = AccentColor;
				CODE_SIGN_STYLE = Automatic;
				CURRENT_PROJECT_VERSION = 1;
				GENERATE_INFOPLIST_FILE = YES;
				INFOPLIST_FILE = ApplePie2/Info.plist;
				INFOPLIST_KEY_UIApplicationSupportsIndirectInputEvents = YES;
				INFOPLIST_KEY_UILaunchStoryboardName = LaunchScreen;
				INFOPLIST_KEY_UIMainStoryboardFile = Main;
				INFOPLIST_KEY_UISupportedInterfaceOrientations_iPad = "UIInterfaceOrientationPortrait UIInterfaceOrientationPortraitUpsideDown UIInterfaceOrientationLandscapeLeft UIInterfaceOrientationLandscapeRight";
				INFOPLIST_KEY_UISupportedInterfaceOrientations_iPhone = "UIInterfaceOrientationPortrait UIInterfaceOrientationLandscapeLeft UIInterfaceOrientationLandscapeRight";
				LD_RUNPATH_SEARCH_PATHS = (
					"$(inherited)",
					"@executable_path/Frameworks",
				);
				MARKETING_VERSION = 1.0;
				PRODUCT_BUNDLE_IDENTIFIER = ige.ApplePie2;
				PRODUCT_NAME = "$(TARGET_NAME)";
				SWIFT_EMIT_LOC_STRINGS = YES;
				SWIFT_VERSION = 5.0;
				TARGETED_DEVICE_FAMILY = "1,2";
			};
			name = Release;
		};
		22919CF7296E125D007D95D8 /* Debug */ = {
			isa = XCBuildConfiguration;
			buildSettings = {
				ALWAYS_EMBED_SWIFT_STANDARD_LIBRARIES = YES;
				BUNDLE_LOADER = "$(TEST_HOST)";
				CODE_SIGN_STYLE = Automatic;
				CURRENT_PROJECT_VERSION = 1;
				GENERATE_INFOPLIST_FILE = YES;
				IPHONEOS_DEPLOYMENT_TARGET = 16.2;
				MARKETING_VERSION = 1.0;
				PRODUCT_BUNDLE_IDENTIFIER = ige.ApplePie2Tests;
				PRODUCT_NAME = "$(TARGET_NAME)";
				SWIFT_EMIT_LOC_STRINGS = NO;
				SWIFT_VERSION = 5.0;
				TARGETED_DEVICE_FAMILY = "1,2";
				TEST_HOST = "$(BUILT_PRODUCTS_DIR)/ApplePie2.app/$(BUNDLE_EXECUTABLE_FOLDER_PATH)/ApplePie2";
			};
			name = Debug;
		};
		22919CF8296E125D007D95D8 /* Release */ = {
			isa = XCBuildConfiguration;
			buildSettings = {
				ALWAYS_EMBED_SWIFT_STANDARD_LIBRARIES = YES;
				BUNDLE_LOADER = "$(TEST_HOST)";
				CODE_SIGN_STYLE = Automatic;
				CURRENT_PROJECT_VERSION = 1;
				GENERATE_INFOPLIST_FILE = YES;
				IPHONEOS_DEPLOYMENT_TARGET = 16.2;
				MARKETING_VERSION = 1.0;
				PRODUCT_BUNDLE_IDENTIFIER = ige.ApplePie2Tests;
				PRODUCT_NAME = "$(TARGET_NAME)";
				SWIFT_EMIT_LOC_STRINGS = NO;
				SWIFT_VERSION = 5.0;
				TARGETED_DEVICE_FAMILY = "1,2";
				TEST_HOST = "$(BUILT_PRODUCTS_DIR)/ApplePie2.app/$(BUNDLE_EXECUTABLE_FOLDER_PATH)/ApplePie2";
			};
			name = Release;
		};
		22919CFA296E125D007D95D8 /* Debug */ = {
			isa = XCBuildConfiguration;
			buildSettings = {
				ALWAYS_EMBED_SWIFT_STANDARD_LIBRARIES = YES;
				CODE_SIGN_STYLE = Automatic;
				CURRENT_PROJECT_VERSION = 1;
				GENERATE_INFOPLIST_FILE = YES;
				MARKETING_VERSION = 1.0;
				PRODUCT_BUNDLE_IDENTIFIER = ige.ApplePie2UITests;
				PRODUCT_NAME = "$(TARGET_NAME)";
				SWIFT_EMIT_LOC_STRINGS = NO;
				SWIFT_VERSION = 5.0;
				TARGETED_DEVICE_FAMILY = "1,2";
				TEST_TARGET_NAME = ApplePie2;
			};
			name = Debug;
		};
		22919CFB296E125D007D95D8 /* Release */ = {
			isa = XCBuildConfiguration;
			buildSettings = {
				ALWAYS_EMBED_SWIFT_STANDARD_LIBRARIES = YES;
				CODE_SIGN_STYLE = Automatic;
				CURRENT_PROJECT_VERSION = 1;
				GENERATE_INFOPLIST_FILE = YES;
				MARKETING_VERSION = 1.0;
				PRODUCT_BUNDLE_IDENTIFIER = ige.ApplePie2UITests;
				PRODUCT_NAME = "$(TARGET_NAME)";
				SWIFT_EMIT_LOC_STRINGS = NO;
				SWIFT_VERSION = 5.0;
				TARGETED_DEVICE_FAMILY = "1,2";
				TEST_TARGET_NAME = ApplePie2;
			};
			name = Release;
		};
/* End XCBuildConfiguration section */

/* Begin XCConfigurationList section */
		22919CC4296E125C007D95D8 /* Build configuration list for PBXProject "ApplePie2" */ = {
			isa = XCConfigurationList;
			buildConfigurations = (
				22919CF1296E125D007D95D8 /* Debug */,
				22919CF2296E125D007D95D8 /* Release */,
			);
			defaultConfigurationIsVisible = 0;
			defaultConfigurationName = Release;
		};
		22919CF3296E125D007D95D8 /* Build configuration list for PBXNativeTarget "ApplePie2" */ = {
			isa = XCConfigurationList;
			buildConfigurations = (
				22919CF4296E125D007D95D8 /* Debug */,
				22919CF5296E125D007D95D8 /* Release */,
			);
			defaultConfigurationIsVisible = 0;
			defaultConfigurationName = Release;
		};
		22919CF6296E125D007D95D8 /* Build configuration list for PBXNativeTarget "ApplePie2Tests" */ = {
			isa = XCConfigurationList;
			buildConfigurations = (
				22919CF7296E125D007D95D8 /* Debug */,
				22919CF8296E125D007D95D8 /* Release */,
			);
			defaultConfigurationIsVisible = 0;
			defaultConfigurationName = Release;
		};
		22919CF9296E125D007D95D8 /* Build configuration list for PBXNativeTarget "ApplePie2UITests" */ = {
			isa = XCConfigurationList;
			buildConfigurations = (
				22919CFA296E125D007D95D8 /* Debug */,
				22919CFB296E125D007D95D8 /* Release */,
			);
			defaultConfigurationIsVisible = 0;
			defaultConfigurationName = Release;
		};
/* End XCConfigurationList section */
	};
	rootObject = 22919CC1296E125C007D95D8 /* Project object */;
}
